# THIS IS AN AUTOGENERATED FILE. DO NOT EDIT THIS FILE DIRECTLY.
# yarn lockfile v1


react-native-jwt-token@^1.1.5:
  version "1.1.5"
  resolved "https://registry.yarnpkg.com/react-native-jwt-token/-/react-native-jwt-token-1.1.5.tgz#c8c5f903841b4c0dcbc83cdd9e681974d6ee4c7b"
  integrity sha512-DVfiQYgyoeEQ7vAXgowpfAoHuVX9Tq7QFv7/k+AaqqIo8gZYfPLHuTMqbF3LhExWjt7ctJOweAmjmEruR+hl9g==
