PODS:
  - Firebase/CoreOnly (5.11.0):
    - FirebaseCore (= 5.1.6)
  - Firebase/Messaging (5.11.0):
    - Firebase/CoreOnly
    - FirebaseMessaging (= 3.2.1)
  - FirebaseAnalyticsInterop (1.1.0)
  - FirebaseCore (5.1.6):
    - GoogleUtilities/Logger (~> 5.2)
  - FirebaseInstanceID (3.3.0):
    - FirebaseCore (~> 5.1)
    - GoogleUtilities/Environment (~> 5.3)
    - GoogleUtilities/UserDefaults (~> 5.3)
  - FirebaseMessaging (3.2.1):
    - FirebaseAnalyticsInterop (~> 1.1)
    - FirebaseCore (~> 5.1)
    - FirebaseInstanceID (~> 3.0)
    - GoogleUtilities/Environment (~> 5.2)
    - GoogleUtilities/Reachability (~> 5.2)
    - Protobuf (~> 3.1)
  - GoogleUtilities/Environment (5.3.4)
  - GoogleUtilities/Logger (5.3.4):
    - GoogleUtilities/Environment
  - GoogleUtilities/Reachability (5.3.4):
    - GoogleUtilities/Logger
  - GoogleUtilities/UserDefaults (5.3.4):
    - GoogleUtilities/Logger
  - Protobuf (3.6.1)
  - React (0.55.3):
    - React/Core (= 0.55.3)
  - react-native-fcm (15.0.0):
    - Firebase/Messaging
    - React
  - React/Core (0.55.3):
    - yoga (= 0.55.3.React)
  - React/DevSupport (0.55.3):
    - React/Core
    - React/RCTWebSocket
  - React/fishhook (0.55.3)
  - React/RCTBlob (0.55.3):
    - React/Core
  - React/RCTNetwork (0.55.3):
    - React/Core
  - React/RCTWebSocket (0.55.3):
    - React/Core
    - React/fishhook
    - React/RCTBlob
  - RNStringee (1.0.0):
    - React
    - Stringee
  - Stringee (1.3.7)
  - yoga (0.55.3.React)

DEPENDENCIES:
  - react-native-fcm (from `../node_modules/react-native-fcm`)
  - React/DevSupport (from `../node_modules/react-native`)
  - React/RCTNetwork (from `../node_modules/react-native`)
  - RNStringee (from `../node_modules/stringee-react-native/ios`)
  - yoga (from `../node_modules/react-native/ReactCommon/yoga/yoga.podspec`)

SPEC REPOS:
  https://github.com/cocoapods/specs.git:
    - Firebase
    - FirebaseAnalyticsInterop
    - FirebaseCore
    - FirebaseInstanceID
    - FirebaseMessaging
    - GoogleUtilities
    - Protobuf
    - Stringee

EXTERNAL SOURCES:
  React:
    :path: "../node_modules/react-native"
  react-native-fcm:
    :path: "../node_modules/react-native-fcm"
  RNStringee:
    :path: "../node_modules/stringee-react-native/ios"
  yoga:
    :path: "../node_modules/react-native/ReactCommon/yoga/yoga.podspec"

SPEC CHECKSUMS:
  Firebase: b48f9e653da971ecce5b8c749684bc8bb2d26bd3
  FirebaseAnalyticsInterop: e5f21be9af6548372e2f0815834ff909bff395a2
  FirebaseCore: d16552f06821489ce1affe2e5e3e5593402ddfe3
  FirebaseInstanceID: e2fa4cb35ef5558c200f7f0ad8a53e212215f93e
  FirebaseMessaging: 0f14a264b0d7f867e8eff5d3556bc5d0d4e57888
  GoogleUtilities: abb092d2c12e817fa3e0e7b274987dd72fb86ec3
  Protobuf: 1eb9700044745f00181c136ef21b8ff3ad5a0fd5
  React: aa2040dbb6f317b95314968021bd2888816e03d5
  react-native-fcm: 7de3ba1108aba709c3d2b4237594554eb5f6f026
  RNStringee: 0778d947b0224423a0510fcf73fcf0b33c43ab73
  Stringee: 98bf6833a0d7c91fb1abe9540467b3a2c25863ad
  yoga: a23273df0088bf7f2bb7e5d7b00044ea57a2a54a

PODFILE CHECKSUM: adcbe84136ce0bdc3dacdbcbf6fc45b037b5d034

COCOAPODS: 1.5.3
